
Microsoft Visual Studio Solution File, Format Version 12.00
# Visual Studio 15
VisualStudioVersion = 15.0.27703.2047
MinimumVisualStudioVersion = 10.0.40219.1
Project("{8BC9CEB8-8B4A-11D0-8D11-00A0C91BC942}") = "CPSC453_HW1", "CPSC453_HW1\CPSC453_HW1.vcxproj", "{F95C70CE-B4E6-4431-8F71-08B47DBB7FA1}"
EndProject
Project("{8BC9CEB8-8B4A-11D0-8D11-00A0C91BC942}") = "CPSC453_HW2", "CPSC453_HW2\CPSC453_HW2.vcxproj", "{53C16483-DD46-4AFB-B698-5EDB4D6DB32E}"
EndProject
Project("{8BC9CEB8-8B4A-11D0-8D11-00A0C91BC942}") = "CPSC453_HW3", "CPSC453_HW3\CPSC453_HW3.vcxproj", "{D0960FEB-DCFC-4F00-9343-EF7BCB28F22A}"
EndProject
Project("{8BC9CEB8-8B4A-11D0-8D11-00A0C91BC942}") = "CPSC453_HW4", "CPSC453_HW4\CPSC453_HW4.vcxproj", "{623E6DFC-B79E-42B0-9C5B-D56987AC4F1D}"
EndProject
Global
	GlobalSection(SolutionConfigurationPlatforms) = preSolution
		Debug|x64 = Debug|x64
		Debug|x86 = Debug|x86
		Release|x64 = Release|x64
		Release|x86 = Release|x86
	EndGlobalSection
	GlobalSection(ProjectConfigurationPlatforms) = postSolution
		{F95C70CE-B4E6-4431-8F71-08B47DBB7FA1}.Debug|x64.ActiveCfg = Debug|x64
		{F95C70CE-B4E6-4431-8F71-08B47DBB7FA1}.Debug|x64.Build.0 = Debug|x64
		{F95C70CE-B4E6-4431-8F71-08B47DBB7FA1}.Debug|x86.ActiveCfg = Debug|Win32
		{F95C70CE-B4E6-4431-8F71-08B47DBB7FA1}.Debug|x86.Build.0 = Debug|Win32
		{F95C70CE-B4E6-4431-8F71-08B47DBB7FA1}.Release|x64.ActiveCfg = Release|x64
		{F95C70CE-B4E6-4431-8F71-08B47DBB7FA1}.Release|x64.Build.0 = Release|x64
		{F95C70CE-B4E6-4431-8F71-08B47DBB7FA1}.Release|x86.ActiveCfg = Release|Win32
		{F95C70CE-B4E6-4431-8F71-08B47DBB7FA1}.Release|x86.Build.0 = Release|Win32
		{53C16483-DD46-4AFB-B698-5EDB4D6DB32E}.Debug|x64.ActiveCfg = Debug|x64
		{53C16483-DD46-4AFB-B698-5EDB4D6DB32E}.Debug|x64.Build.0 = Debug|x64
		{53C16483-DD46-4AFB-B698-5EDB4D6DB32E}.Debug|x86.ActiveCfg = Debug|Win32
		{53C16483-DD46-4AFB-B698-5EDB4D6DB32E}.Debug|x86.Build.0 = Debug|Win32
		{53C16483-DD46-4AFB-B698-5EDB4D6DB32E}.Release|x64.ActiveCfg = Release|x64
		{53C16483-DD46-4AFB-B698-5EDB4D6DB32E}.Release|x64.Build.0 = Release|x64
		{53C16483-DD46-4AFB-B698-5EDB4D6DB32E}.Release|x86.ActiveCfg = Release|Win32
		{53C16483-DD46-4AFB-B698-5EDB4D6DB32E}.Release|x86.Build.0 = Release|Win32
		{D0960FEB-DCFC-4F00-9343-EF7BCB28F22A}.Debug|x64.ActiveCfg = Debug|x64
		{D0960FEB-DCFC-4F00-9343-EF7BCB28F22A}.Debug|x64.Build.0 = Debug|x64
		{D0960FEB-DCFC-4F00-9343-EF7BCB28F22A}.Debug|x86.ActiveCfg = Debug|Win32
		{D0960FEB-DCFC-4F00-9343-EF7BCB28F22A}.Debug|x86.Build.0 = Debug|Win32
		{D0960FEB-DCFC-4F00-9343-EF7BCB28F22A}.Release|x64.ActiveCfg = Release|x64
		{D0960FEB-DCFC-4F00-9343-EF7BCB28F22A}.Release|x64.Build.0 = Release|x64
		{D0960FEB-DCFC-4F00-9343-EF7BCB28F22A}.Release|x86.ActiveCfg = Release|Win32
		{D0960FEB-DCFC-4F00-9343-EF7BCB28F22A}.Release|x86.Build.0 = Release|Win32
		{623E6DFC-B79E-42B0-9C5B-D56987AC4F1D}.Debug|x64.ActiveCfg = Debug|x64
		{623E6DFC-B79E-42B0-9C5B-D56987AC4F1D}.Debug|x64.Build.0 = Debug|x64
		{623E6DFC-B79E-42B0-9C5B-D56987AC4F1D}.Debug|x86.ActiveCfg = Debug|Win32
		{623E6DFC-B79E-42B0-9C5B-D56987AC4F1D}.Debug|x86.Build.0 = Debug|Win32
		{623E6DFC-B79E-42B0-9C5B-D56987AC4F1D}.Release|x64.ActiveCfg = Release|x64
		{623E6DFC-B79E-42B0-9C5B-D56987AC4F1D}.Release|x64.Build.0 = Release|x64
		{623E6DFC-B79E-42B0-9C5B-D56987AC4F1D}.Release|x86.ActiveCfg = Release|Win32
		{623E6DFC-B79E-42B0-9C5B-D56987AC4F1D}.Release|x86.Build.0 = Release|Win32
	EndGlobalSection
	GlobalSection(SolutionProperties) = preSolution
		HideSolutionNode = FALSE
	EndGlobalSection
	GlobalSection(ExtensibilityGlobals) = postSolution
		SolutionGuid = {E3114023-8926-4F5F-84D4-1816491E8EB8}
	EndGlobalSection
EndGlobal
